
Microsoft Visual Studio Solution File, Format Version 12.00
# Visual Studio 15
VisualStudioVersion = 15.0.28307.329
MinimumVisualStudioVersion = 10.0.40219.1
Project("{9A19103F-16F7-4668-BE54-9A1E7A4F7556}") = "BlobBackup", "BlobBackup\BlobBackup.csproj", "{6A6A3E86-B315-43B1-ADAC-AE1E2378AA44}"
EndProject
Project("{9A19103F-16F7-4668-BE54-9A1E7A4F7556}") = "AzCopy", "AzCopy\AzCopy.csproj", "{9BFDA5B9-C3FA-4A72-92A0-82239E7C7B99}"
EndProject
Global
	GlobalSection(SolutionConfigurationPlatforms) = preSolution
		Debug|Any CPU = Debug|Any CPU
		Release|Any CPU = Release|Any CPU
	EndGlobalSection
	GlobalSection(ProjectConfigurationPlatforms) = postSolution
		{6A6A3E86-B315-43B1-ADAC-AE1E2378AA44}.Debug|Any CPU.ActiveCfg = Debug|Any CPU
		{6A6A3E86-B315-43B1-ADAC-AE1E2378AA44}.Debug|Any CPU.Build.0 = Debug|Any CPU
		{6A6A3E86-B315-43B1-ADAC-AE1E2378AA44}.Release|Any CPU.ActiveCfg = Release|Any CPU
		{6A6A3E86-B315-43B1-ADAC-AE1E2378AA44}.Release|Any CPU.Build.0 = Release|Any CPU
		{9BFDA5B9-C3FA-4A72-92A0-82239E7C7B99}.Debug|Any CPU.ActiveCfg = Debug|Any CPU
		{9BFDA5B9-C3FA-4A72-92A0-82239E7C7B99}.Debug|Any CPU.Build.0 = Debug|Any CPU
		{9BFDA5B9-C3FA-4A72-92A0-82239E7C7B99}.Release|Any CPU.ActiveCfg = Release|Any CPU
		{9BFDA5B9-C3FA-4A72-92A0-82239E7C7B99}.Release|Any CPU.Build.0 = Release|Any CPU
	EndGlobalSection
	GlobalSection(SolutionProperties) = preSolution
		HideSolutionNode = FALSE
	EndGlobalSection
	GlobalSection(ExtensibilityGlobals) = postSolution
		SolutionGuid = {B4B1C39E-98EE-4B27-8923-3F3EC635AC77}
	EndGlobalSection
EndGlobal
